
Microsoft Visual Studio Solution File, Format Version 12.00
# Visual Studio 15
VisualStudioVersion = 15.0.27428.2037
MinimumVisualStudioVersion = 10.0.40219.1
Project("{FAE04EC0-301F-11D3-BF4B-00C04F79EFBC}") = "AspdnetWebExper", "AspdnetWebExper\AspdnetWebExper.csproj", "{E1F25AD8-35FD-4BFB-91F0-B896BB6A69DB}"
EndProject
Global
	GlobalSection(SolutionConfigurationPlatforms) = preSolution
		Debug|Any CPU = Debug|Any CPU
		Release|Any CPU = Release|Any CPU
	EndGlobalSection
	GlobalSection(ProjectConfigurationPlatforms) = postSolution
		{E1F25AD8-35FD-4BFB-91F0-B896BB6A69DB}.Debug|Any CPU.ActiveCfg = Debug|Any CPU
		{E1F25AD8-35FD-4BFB-91F0-B896BB6A69DB}.Debug|Any CPU.Build.0 = Debug|Any CPU
		{E1F25AD8-35FD-4BFB-91F0-B896BB6A69DB}.Release|Any CPU.ActiveCfg = Release|Any CPU
		{E1F25AD8-35FD-4BFB-91F0-B896BB6A69DB}.Release|Any CPU.Build.0 = Release|Any CPU
	EndGlobalSection
	GlobalSection(SolutionProperties) = preSolution
		HideSolutionNode = FALSE
	EndGlobalSection
	GlobalSection(ExtensibilityGlobals) = postSolution
		SolutionGuid = {8A8AF72A-DD6E-4406-B440-34810DB96F65}
	EndGlobalSection
EndGlobal
